
Microsoft Visual Studio Solution File, Format Version 12.00
# Visual Studio Version 16
VisualStudioVersion = 16.0.31507.150
MinimumVisualStudioVersion = 10.0.40219.1
Project("{9A19103F-16F7-4668-BE54-9A1E7A4F7556}") = "ActionDemo", "src\ActionDemo.csproj", "{AAA9885E-D6FB-40D7-BE6A-66D106E99AE3}"
EndProject
Project("{9A19103F-16F7-4668-BE54-9A1E7A4F7556}") = "IntegrationTests", "tests\IntegrationTests\IntegrationTests.csproj", "{1956B3AE-4E98-4F7B-9769-F28016EDEEB7}"
EndProject
Global
	GlobalSection(SolutionConfigurationPlatforms) = preSolution
		Debug|Any CPU = Debug|Any CPU
		Release|Any CPU = Release|Any CPU
	EndGlobalSection
	GlobalSection(ProjectConfigurationPlatforms) = postSolution
		{AAA9885E-D6FB-40D7-BE6A-66D106E99AE3}.Debug|Any CPU.ActiveCfg = Debug|Any CPU
		{AAA9885E-D6FB-40D7-BE6A-66D106E99AE3}.Debug|Any CPU.Build.0 = Debug|Any CPU
		{AAA9885E-D6FB-40D7-BE6A-66D106E99AE3}.Release|Any CPU.ActiveCfg = Release|Any CPU
		{AAA9885E-D6FB-40D7-BE6A-66D106E99AE3}.Release|Any CPU.Build.0 = Release|Any CPU
		{1956B3AE-4E98-4F7B-9769-F28016EDEEB7}.Debug|Any CPU.ActiveCfg = Debug|Any CPU
		{1956B3AE-4E98-4F7B-9769-F28016EDEEB7}.Debug|Any CPU.Build.0 = Debug|Any CPU
		{1956B3AE-4E98-4F7B-9769-F28016EDEEB7}.Release|Any CPU.ActiveCfg = Release|Any CPU
		{1956B3AE-4E98-4F7B-9769-F28016EDEEB7}.Release|Any CPU.Build.0 = Release|Any CPU
	EndGlobalSection
	GlobalSection(SolutionProperties) = preSolution
		HideSolutionNode = FALSE
	EndGlobalSection
	GlobalSection(ExtensibilityGlobals) = postSolution
		SolutionGuid = {1D282BAE-BD95-4C5F-890F-D5F433277029}
	EndGlobalSection
EndGlobal
